
Microsoft Visual Studio Solution File, Format Version 12.00
# Visual Studio 15
VisualStudioVersion = 15.0.28307.136
MinimumVisualStudioVersion = 10.0.40219.1
Project("{FAE04EC0-301F-11D3-BF4B-00C04F79EFBC}") = "UDPTester", "UDPTester\UDPTester.csproj", "{14ED76C5-C6E5-4223-8CA7-4451207E9477}"
EndProject
Global
	GlobalSection(SolutionConfigurationPlatforms) = preSolution
		Debug|Any CPU = Debug|Any CPU
		Release|Any CPU = Release|Any CPU
	EndGlobalSection
	GlobalSection(ProjectConfigurationPlatforms) = postSolution
		{14ED76C5-C6E5-4223-8CA7-4451207E9477}.Debug|Any CPU.ActiveCfg = Debug|Any CPU
		{14ED76C5-C6E5-4223-8CA7-4451207E9477}.Debug|Any CPU.Build.0 = Debug|Any CPU
		{14ED76C5-C6E5-4223-8CA7-4451207E9477}.Release|Any CPU.ActiveCfg = Release|Any CPU
		{14ED76C5-C6E5-4223-8CA7-4451207E9477}.Release|Any CPU.Build.0 = Release|Any CPU
	EndGlobalSection
	GlobalSection(SolutionProperties) = preSolution
		HideSolutionNode = FALSE
	EndGlobalSection
	GlobalSection(ExtensibilityGlobals) = postSolution
		SolutionGuid = {85956819-ABCC-46B3-91B8-3787F5261655}
	EndGlobalSection
EndGlobal
